
Microsoft Visual Studio Solution File, Format Version 12.00
# Visual Studio Version 17
VisualStudioVersion = 17.7.34202.233
MinimumVisualStudioVersion = 10.0.40219.1
Project("{FAE04EC0-301F-11D3-BF4B-00C04F79EFBC}") = "BookManagement", "BookManagement\BookManagement.csproj", "{3389F246-40F9-40E9-866B-33028E53689D}"
EndProject
Project("{FAE04EC0-301F-11D3-BF4B-00C04F79EFBC}") = "BookManagement.DataAccess", "BookManagement.DataAccess\BookManagement.DataAccess.csproj", "{A8130B39-617D-4FB9-B67C-2F05058B7E00}"
EndProject
Global
	GlobalSection(SolutionConfigurationPlatforms) = preSolution
		Debug|Any CPU = Debug|Any CPU
		Release|Any CPU = Release|Any CPU
	EndGlobalSection
	GlobalSection(ProjectConfigurationPlatforms) = postSolution
		{3389F246-40F9-40E9-866B-33028E53689D}.Debug|Any CPU.ActiveCfg = Debug|Any CPU
		{3389F246-40F9-40E9-866B-33028E53689D}.Debug|Any CPU.Build.0 = Debug|Any CPU
		{3389F246-40F9-40E9-866B-33028E53689D}.Release|Any CPU.ActiveCfg = Release|Any CPU
		{3389F246-40F9-40E9-866B-33028E53689D}.Release|Any CPU.Build.0 = Release|Any CPU
		{A8130B39-617D-4FB9-B67C-2F05058B7E00}.Debug|Any CPU.ActiveCfg = Debug|Any CPU
		{A8130B39-617D-4FB9-B67C-2F05058B7E00}.Debug|Any CPU.Build.0 = Debug|Any CPU
		{A8130B39-617D-4FB9-B67C-2F05058B7E00}.Release|Any CPU.ActiveCfg = Release|Any CPU
		{A8130B39-617D-4FB9-B67C-2F05058B7E00}.Release|Any CPU.Build.0 = Release|Any CPU
	EndGlobalSection
	GlobalSection(SolutionProperties) = preSolution
		HideSolutionNode = FALSE
	EndGlobalSection
	GlobalSection(ExtensibilityGlobals) = postSolution
		SolutionGuid = {9E89B62A-6501-4E67-8386-F60742EFFC3C}
	EndGlobalSection
EndGlobal
